Microsoft Visual Studio Solution File, Format Version 12.00
# Visual Studio Version 17
VisualStudioVersion = 17.5.33424.131
MinimumVisualStudioVersion = 10.0.40219.1
Project("{FAE04EC0-301F-11D3-BF4B-00C04F79EFBC}") = "FunnyTrojan", "FunnyTrojan\FunnyTrojan.csproj", "{01FC98F2-0B35-4513-8174-788CF90E6970}"
	ProjectSection(ProjectDependencies) = postProject
		{C369C269-803F-4163-936C-D206B6A01F20} = {C369C269-803F-4163-936C-D206B6A01F20}
	EndProjectSection
EndProject
Global
	GlobalSection(SolutionConfigurationPlatforms) = preSolution
		Debug|Any CPU = Debug|Any CPU
		Debug|x64 = Debug|x64
		Debug|x86 = Debug|x86
		Release|Any CPU = Release|Any CPU
		Release|x64 = Release|x64
		Release|x86 = Release|x86
	EndGlobalSection
	GlobalSection(ProjectConfigurationPlatforms) = postSolution
		{C369C269-803F-4163-936C-D206B6A01F20}.Debug|Any CPU.ActiveCfg = Debug|x64
		{C369C269-803F-4163-936C-D206B6A01F20}.Debug|Any CPU.Build.0 = Debug|x64
		{C369C269-803F-4163-936C-D206B6A01F20}.Debug|x64.ActiveCfg = Debug|x64
		{C369C269-803F-4163-936C-D206B6A01F20}.Debug|x64.Build.0 = Debug|x64
		{C369C269-803F-4163-936C-D206B6A01F20}.Debug|x86.ActiveCfg = Debug|Win32
		{C369C269-803F-4163-936C-D206B6A01F20}.Debug|x86.Build.0 = Debug|Win32
		{C369C269-803F-4163-936C-D206B6A01F20}.Release|Any CPU.ActiveCfg = Release|x64
		{C369C269-803F-4163-936C-D206B6A01F20}.Release|Any CPU.Build.0 = Release|x64
		{C369C269-803F-4163-936C-D206B6A01F20}.Release|x64.ActiveCfg = Release|x64
		{C369C269-803F-4163-936C-D206B6A01F20}.Release|x64.Build.0 = Release|x64
		{C369C269-803F-4163-936C-D206B6A01F20}.Release|x86.ActiveCfg = Release|Win32
		{C369C269-803F-4163-936C-D206B6A01F20}.Release|x86.Build.0 = Release|Win32
		{01FC98F2-0B35-4513-8174-788CF90E6970}.Debug|Any CPU.ActiveCfg = Debug|Any CPU
		{01FC98F2-0B35-4513-8174-788CF90E6970}.Debug|Any CPU.Build.0 = Debug|Any CPU
		{01FC98F2-0B35-4513-8174-788CF90E6970}.Debug|x64.ActiveCfg = Debug|Any CPU
		{01FC98F2-0B35-4513-8174-788CF90E6970}.Debug|x64.Build.0 = Debug|Any CPU
		{01FC98F2-0B35-4513-8174-788CF90E6970}.Debug|x86.ActiveCfg = Debug|Any CPU
		{01FC98F2-0B35-4513-8174-788CF90E6970}.Debug|x86.Build.0 = Debug|Any CPU
		{01FC98F2-0B35-4513-8174-788CF90E6970}.Release|Any CPU.ActiveCfg = Release|Any CPU
		{01FC98F2-0B35-4513-8174-788CF90E6970}.Release|Any CPU.Build.0 = Release|Any CPU
		{01FC98F2-0B35-4513-8174-788CF90E6970}.Release|x64.ActiveCfg = Release|Any CPU
		{01FC98F2-0B35-4513-8174-788CF90E6970}.Release|x64.Build.0 = Release|Any CPU
		{01FC98F2-0B35-4513-8174-788CF90E6970}.Release|x86.ActiveCfg = Release|Any CPU
		{01FC98F2-0B35-4513-8174-788CF90E6970}.Release|x86.Build.0 = Release|Any CPU
	EndGlobalSection
	GlobalSection(SolutionProperties) = preSolution
		HideSolutionNode = FALSE
	EndGlobalSection
	GlobalSection(ExtensibilityGlobals) = postSolution
		SolutionGuid = {335F1CF6-7F4D-4BC7-93BD-E75D275E4E80}
	EndGlobalSection
EndGlobal